
Microsoft Visual Studio Solution File, Format Version 12.00
# Visual Studio Version 17
VisualStudioVersion = 17.1.32414.318
MinimumVisualStudioVersion = 10.0.40219.1
Project("{FAE04EC0-301F-11D3-BF4B-00C04F79EFBC}") = "Client", "Client\Client.csproj", "{7F018B26-6601-43C5-B73E-32675ACAFB3E}"
EndProject
Project("{FAE04EC0-301F-11D3-BF4B-00C04F79EFBC}") = "Service", "Service\Service.csproj", "{9CFA5883-1570-4C63-B4A8-C456CBA2E69C}"
EndProject
Global
	GlobalSection(SolutionConfigurationPlatforms) = preSolution
		Debug|Any CPU = Debug|Any CPU
		Release|Any CPU = Release|Any CPU
	EndGlobalSection
	GlobalSection(ProjectConfigurationPlatforms) = postSolution
		{7F018B26-6601-43C5-B73E-32675ACAFB3E}.Debug|Any CPU.ActiveCfg = Debug|Any CPU
		{7F018B26-6601-43C5-B73E-32675ACAFB3E}.Debug|Any CPU.Build.0 = Debug|Any CPU
		{7F018B26-6601-43C5-B73E-32675ACAFB3E}.Release|Any CPU.ActiveCfg = Release|Any CPU
		{7F018B26-6601-43C5-B73E-32675ACAFB3E}.Release|Any CPU.Build.0 = Release|Any CPU
		{9CFA5883-1570-4C63-B4A8-C456CBA2E69C}.Debug|Any CPU.ActiveCfg = Debug|Any CPU
		{9CFA5883-1570-4C63-B4A8-C456CBA2E69C}.Debug|Any CPU.Build.0 = Debug|Any CPU
		{9CFA5883-1570-4C63-B4A8-C456CBA2E69C}.Release|Any CPU.ActiveCfg = Release|Any CPU
		{9CFA5883-1570-4C63-B4A8-C456CBA2E69C}.Release|Any CPU.Build.0 = Release|Any CPU
	EndGlobalSection
	GlobalSection(SolutionProperties) = preSolution
		HideSolutionNode = FALSE
	EndGlobalSection
	GlobalSection(ExtensibilityGlobals) = postSolution
		SolutionGuid = {A37CEC31-B110-4AC2-8302-13ED42B7FB9C}
	EndGlobalSection
EndGlobal
